
Microsoft Visual Studio Solution File, Format Version 12.00
# Visual Studio 14
VisualStudioVersion = 14.0.24720.0
MinimumVisualStudioVersion = 10.0.40219.1
Project("{8BC9CEB8-8B4A-11D0-8D11-00A0C91BC942}") = "engine", "engine\engine.vcxproj", "{F8312C5F-4DA6-40EC-8314-D9D67E61B601}"
	ProjectSection(ProjectDependencies) = postProject
		{58754124-7015-448C-9222-ABB245605B33} = {58754124-7015-448C-9222-ABB245605B33}
		{B2FC277A-3562-3D71-89AB-FB166437A92D} = {B2FC277A-3562-3D71-89AB-FB166437A92D}
	EndProjectSection
EndProject
Project("{8BC9CEB8-8B4A-11D0-8D11-00A0C91BC942}") = "gl3w", "..\libs\gl3w\gl3w\gl3w.vcxproj", "{58754124-7015-448C-9222-ABB245605B33}"
EndProject
Project("{8BC9CEB8-8B4A-11D0-8D11-00A0C91BC942}") = "glfw", "..\libs\glfw\Build\src\glfw.vcxproj", "{B2FC277A-3562-3D71-89AB-FB166437A92D}"
EndProject
Project("{8BC9CEB8-8B4A-11D0-8D11-00A0C91BC942}") = "assimp", "..\libs\assimp\Build\code\assimp.vcxproj", "{94979BFF-7D72-39A0-AE7E-4C63DF845637}"
EndProject
Project("{8BC9CEB8-8B4A-11D0-8D11-00A0C91BC942}") = "zlibstatic", "..\libs\assimp\Build\contrib\zlib\zlibstatic.vcxproj", "{7F83B8A1-18EA-3F67-BE3F-4F7DCDF9A015}"
EndProject
Global
	GlobalSection(SolutionConfigurationPlatforms) = preSolution
		Debug|x64 = Debug|x64
		Debug|x86 = Debug|x86
		MinSizeRel|x64 = MinSizeRel|x64
		MinSizeRel|x86 = MinSizeRel|x86
		Release|x64 = Release|x64
		Release|x86 = Release|x86
		RelWithDebInfo|x64 = RelWithDebInfo|x64
		RelWithDebInfo|x86 = RelWithDebInfo|x86
	EndGlobalSection
	GlobalSection(ProjectConfigurationPlatforms) = postSolution
		{F8312C5F-4DA6-40EC-8314-D9D67E61B601}.Debug|x64.ActiveCfg = Debug|x64
		{F8312C5F-4DA6-40EC-8314-D9D67E61B601}.Debug|x64.Build.0 = Debug|x64
		{F8312C5F-4DA6-40EC-8314-D9D67E61B601}.Debug|x86.ActiveCfg = Debug|Win32
		{F8312C5F-4DA6-40EC-8314-D9D67E61B601}.Debug|x86.Build.0 = Debug|Win32
		{F8312C5F-4DA6-40EC-8314-D9D67E61B601}.MinSizeRel|x64.ActiveCfg = Release|x64
		{F8312C5F-4DA6-40EC-8314-D9D67E61B601}.MinSizeRel|x64.Build.0 = Release|x64
		{F8312C5F-4DA6-40EC-8314-D9D67E61B601}.MinSizeRel|x86.ActiveCfg = Release|Win32
		{F8312C5F-4DA6-40EC-8314-D9D67E61B601}.MinSizeRel|x86.Build.0 = Release|Win32
		{F8312C5F-4DA6-40EC-8314-D9D67E61B601}.Release|x64.ActiveCfg = Release|x64
		{F8312C5F-4DA6-40EC-8314-D9D67E61B601}.Release|x64.Build.0 = Release|x64
		{F8312C5F-4DA6-40EC-8314-D9D67E61B601}.Release|x86.ActiveCfg = Release|Win32
		{F8312C5F-4DA6-40EC-8314-D9D67E61B601}.Release|x86.Build.0 = Release|Win32
		{F8312C5F-4DA6-40EC-8314-D9D67E61B601}.RelWithDebInfo|x64.ActiveCfg = Release|x64
		{F8312C5F-4DA6-40EC-8314-D9D67E61B601}.RelWithDebInfo|x64.Build.0 = Release|x64
		{F8312C5F-4DA6-40EC-8314-D9D67E61B601}.RelWithDebInfo|x86.ActiveCfg = Release|Win32
		{F8312C5F-4DA6-40EC-8314-D9D67E61B601}.RelWithDebInfo|x86.Build.0 = Release|Win32
		{58754124-7015-448C-9222-ABB245605B33}.Debug|x64.ActiveCfg = Debug|x64
		{58754124-7015-448C-9222-ABB245605B33}.Debug|x64.Build.0 = Debug|x64
		{58754124-7015-448C-9222-ABB245605B33}.Debug|x86.ActiveCfg = Debug|Win32
		{58754124-7015-448C-9222-ABB245605B33}.Debug|x86.Build.0 = Debug|Win32
		{58754124-7015-448C-9222-ABB245605B33}.MinSizeRel|x64.ActiveCfg = Release|x64
		{58754124-7015-448C-9222-ABB245605B33}.MinSizeRel|x64.Build.0 = Release|x64
		{58754124-7015-448C-9222-ABB245605B33}.MinSizeRel|x86.ActiveCfg = Release|Win32
		{58754124-7015-448C-9222-ABB245605B33}.MinSizeRel|x86.Build.0 = Release|Win32
		{58754124-7015-448C-9222-ABB245605B33}.Release|x64.ActiveCfg = Release|x64
		{58754124-7015-448C-9222-ABB245605B33}.Release|x64.Build.0 = Release|x64
		{58754124-7015-448C-9222-ABB245605B33}.Release|x86.ActiveCfg = Release|Win32
		{58754124-7015-448C-9222-ABB245605B33}.Release|x86.Build.0 = Release|Win32
		{58754124-7015-448C-9222-ABB245605B33}.RelWithDebInfo|x64.ActiveCfg = Release|x64
		{58754124-7015-448C-9222-ABB245605B33}.RelWithDebInfo|x64.Build.0 = Release|x64
		{58754124-7015-448C-9222-ABB245605B33}.RelWithDebInfo|x86.ActiveCfg = Release|Win32
		{58754124-7015-448C-9222-ABB245605B33}.RelWithDebInfo|x86.Build.0 = Release|Win32
		{B2FC277A-3562-3D71-89AB-FB166437A92D}.Debug|x64.ActiveCfg = Debug|Win32
		{B2FC277A-3562-3D71-89AB-FB166437A92D}.Debug|x86.ActiveCfg = Debug|Win32
		{B2FC277A-3562-3D71-89AB-FB166437A92D}.Debug|x86.Build.0 = Debug|Win32
		{B2FC277A-3562-3D71-89AB-FB166437A92D}.MinSizeRel|x64.ActiveCfg = MinSizeRel|Win32
		{B2FC277A-3562-3D71-89AB-FB166437A92D}.MinSizeRel|x86.ActiveCfg = MinSizeRel|Win32
		{B2FC277A-3562-3D71-89AB-FB166437A92D}.MinSizeRel|x86.Build.0 = MinSizeRel|Win32
		{B2FC277A-3562-3D71-89AB-FB166437A92D}.Release|x64.ActiveCfg = Release|Win32
		{B2FC277A-3562-3D71-89AB-FB166437A92D}.Release|x86.ActiveCfg = Release|Win32
		{B2FC277A-3562-3D71-89AB-FB166437A92D}.Release|x86.Build.0 = Release|Win32
		{B2FC277A-3562-3D71-89AB-FB166437A92D}.RelWithDebInfo|x64.ActiveCfg = RelWithDebInfo|Win32
		{B2FC277A-3562-3D71-89AB-FB166437A92D}.RelWithDebInfo|x86.ActiveCfg = RelWithDebInfo|Win32
		{B2FC277A-3562-3D71-89AB-FB166437A92D}.RelWithDebInfo|x86.Build.0 = RelWithDebInfo|Win32
		{94979BFF-7D72-39A0-AE7E-4C63DF845637}.Debug|x64.ActiveCfg = Debug|Win32
		{94979BFF-7D72-39A0-AE7E-4C63DF845637}.Debug|x86.ActiveCfg = Debug|Win32
		{94979BFF-7D72-39A0-AE7E-4C63DF845637}.Debug|x86.Build.0 = Debug|Win32
		{94979BFF-7D72-39A0-AE7E-4C63DF845637}.MinSizeRel|x64.ActiveCfg = Release|Win32
		{94979BFF-7D72-39A0-AE7E-4C63DF845637}.MinSizeRel|x64.Build.0 = Release|Win32
		{94979BFF-7D72-39A0-AE7E-4C63DF845637}.MinSizeRel|x86.ActiveCfg = Release|Win32
		{94979BFF-7D72-39A0-AE7E-4C63DF845637}.MinSizeRel|x86.Build.0 = Release|Win32
		{94979BFF-7D72-39A0-AE7E-4C63DF845637}.Release|x64.ActiveCfg = Release|Win32
		{94979BFF-7D72-39A0-AE7E-4C63DF845637}.Release|x86.ActiveCfg = Release|Win32
		{94979BFF-7D72-39A0-AE7E-4C63DF845637}.Release|x86.Build.0 = Release|Win32
		{94979BFF-7D72-39A0-AE7E-4C63DF845637}.RelWithDebInfo|x64.ActiveCfg = Release|Win32
		{94979BFF-7D72-39A0-AE7E-4C63DF845637}.RelWithDebInfo|x64.Build.0 = Release|Win32
		{94979BFF-7D72-39A0-AE7E-4C63DF845637}.RelWithDebInfo|x86.ActiveCfg = Release|Win32
		{94979BFF-7D72-39A0-AE7E-4C63DF845637}.RelWithDebInfo|x86.Build.0 = Release|Win32
		{7F83B8A1-18EA-3F67-BE3F-4F7DCDF9A015}.Debug|x64.ActiveCfg = Debug|Win32
		{7F83B8A1-18EA-3F67-BE3F-4F7DCDF9A015}.Debug|x86.ActiveCfg = Debug|Win32
		{7F83B8A1-18EA-3F67-BE3F-4F7DCDF9A015}.Debug|x86.Build.0 = Debug|Win32
		{7F83B8A1-18EA-3F67-BE3F-4F7DCDF9A015}.MinSizeRel|x64.ActiveCfg = Release|Win32
		{7F83B8A1-18EA-3F67-BE3F-4F7DCDF9A015}.MinSizeRel|x64.Build.0 = Release|Win32
		{7F83B8A1-18EA-3F67-BE3F-4F7DCDF9A015}.MinSizeRel|x86.ActiveCfg = Release|Win32
		{7F83B8A1-18EA-3F67-BE3F-4F7DCDF9A015}.MinSizeRel|x86.Build.0 = Release|Win32
		{7F83B8A1-18EA-3F67-BE3F-4F7DCDF9A015}.Release|x64.ActiveCfg = Release|Win32
		{7F83B8A1-18EA-3F67-BE3F-4F7DCDF9A015}.Release|x86.ActiveCfg = Release|Win32
		{7F83B8A1-18EA-3F67-BE3F-4F7DCDF9A015}.Release|x86.Build.0 = Release|Win32
		{7F83B8A1-18EA-3F67-BE3F-4F7DCDF9A015}.RelWithDebInfo|x64.ActiveCfg = Release|Win32
		{7F83B8A1-18EA-3F67-BE3F-4F7DCDF9A015}.RelWithDebInfo|x64.Build.0 = Release|Win32
		{7F83B8A1-18EA-3F67-BE3F-4F7DCDF9A015}.RelWithDebInfo|x86.ActiveCfg = Release|Win32
		{7F83B8A1-18EA-3F67-BE3F-4F7DCDF9A015}.RelWithDebInfo|x86.Build.0 = Release|Win32
	EndGlobalSection
	GlobalSection(SolutionProperties) = preSolution
		HideSolutionNode = FALSE
	EndGlobalSection
EndGlobal
